
Microsoft Visual Studio Solution File, Format Version 12.00
# Visual Studio Version 17
VisualStudioVersion = 17.2.32616.157
MinimumVisualStudioVersion = 10.0.40219.1
Project("{FAE04EC0-301F-11D3-BF4B-00C04F79EFBC}") = "WebApplication1", "WebApplication1.csproj", "{69E24AFD-994C-463A-84EE-A9681AE8F30F}"
EndProject
Global
	GlobalSection(SolutionConfigurationPlatforms) = preSolution
		Debug|Any CPU = Debug|Any CPU
		Release|Any CPU = Release|Any CPU
	EndGlobalSection
	GlobalSection(ProjectConfigurationPlatforms) = postSolution
		{69E24AFD-994C-463A-84EE-A9681AE8F30F}.Debug|Any CPU.ActiveCfg = Debug|Any CPU
		{69E24AFD-994C-463A-84EE-A9681AE8F30F}.Debug|Any CPU.Build.0 = Debug|Any CPU
		{69E24AFD-994C-463A-84EE-A9681AE8F30F}.Release|Any CPU.ActiveCfg = Release|Any CPU
		{69E24AFD-994C-463A-84EE-A9681AE8F30F}.Release|Any CPU.Build.0 = Release|Any CPU
	EndGlobalSection
	GlobalSection(SolutionProperties) = preSolution
		HideSolutionNode = FALSE
	EndGlobalSection
	GlobalSection(ExtensibilityGlobals) = postSolution
		SolutionGuid = {C3C9540E-172C-4E69-91EE-91008FECEF43}
	EndGlobalSection
EndGlobal
